
Microsoft Visual Studio Solution File, Format Version 12.00
# Visual Studio Version 16
VisualStudioVersion = 16.0.29318.209
MinimumVisualStudioVersion = 10.0.40219.1
Project("{FAE04EC0-301F-11D3-BF4B-00C04F79EFBC}") = "MD5", "MD5.csproj", "{C0E6E9A9-ED03-448C-80DD-8FDFE48A2B51}"
EndProject
Global
	GlobalSection(SolutionConfigurationPlatforms) = preSolution
		Debug|Any CPU = Debug|Any CPU
		Release|Any CPU = Release|Any CPU
	EndGlobalSection
	GlobalSection(ProjectConfigurationPlatforms) = postSolution
		{C0E6E9A9-ED03-448C-80DD-8FDFE48A2B51}.Debug|Any CPU.ActiveCfg = Debug|Any CPU
		{C0E6E9A9-ED03-448C-80DD-8FDFE48A2B51}.Debug|Any CPU.Build.0 = Debug|Any CPU
		{C0E6E9A9-ED03-448C-80DD-8FDFE48A2B51}.Release|Any CPU.ActiveCfg = Release|Any CPU
		{C0E6E9A9-ED03-448C-80DD-8FDFE48A2B51}.Release|Any CPU.Build.0 = Release|Any CPU
	EndGlobalSection
	GlobalSection(SolutionProperties) = preSolution
		HideSolutionNode = FALSE
	EndGlobalSection
	GlobalSection(ExtensibilityGlobals) = postSolution
		SolutionGuid = {C4346D1D-E4ED-4BF9-83EA-AAB80BE557FF}
	EndGlobalSection
EndGlobal
